
Microsoft Visual Studio Solution File, Format Version 12.00
# Visual Studio Version 17
VisualStudioVersion = 17.14.37012.4 d17.14
MinimumVisualStudioVersion = 10.0.40219.1
Project("{FAE04EC0-301F-11D3-BF4B-00C04F79EFBC}") = "NC-26", "NC-26.csproj", "{EA1C92D9-0D65-4E3F-AEE0-5A9C3B468CFC}"
EndProject
Global
	GlobalSection(SolutionConfigurationPlatforms) = preSolution
		Debug|Any CPU = Debug|Any CPU
		Release|Any CPU = Release|Any CPU
	EndGlobalSection
	GlobalSection(ProjectConfigurationPlatforms) = postSolution
		{EA1C92D9-0D65-4E3F-AEE0-5A9C3B468CFC}.Debug|Any CPU.ActiveCfg = Debug|Any CPU
		{EA1C92D9-0D65-4E3F-AEE0-5A9C3B468CFC}.Debug|Any CPU.Build.0 = Debug|Any CPU
		{EA1C92D9-0D65-4E3F-AEE0-5A9C3B468CFC}.Release|Any CPU.ActiveCfg = Release|Any CPU
		{EA1C92D9-0D65-4E3F-AEE0-5A9C3B468CFC}.Release|Any CPU.Build.0 = Release|Any CPU
	EndGlobalSection
	GlobalSection(SolutionProperties) = preSolution
		HideSolutionNode = FALSE
	EndGlobalSection
	GlobalSection(ExtensibilityGlobals) = postSolution
		SolutionGuid = {C066C748-6B75-44A3-94AA-9A030A309192}
	EndGlobalSection
EndGlobal
